# This file is autogenerated, do not edit; changes may be undone by the next 'dep ensure'.


[[projects]]
  name = "github.com/NYTimes/gziphandler"
  packages = ["."]
  revision = "2600fb119af974220d3916a5916d6e31176aac1b"
  version = "v1.0.1"

[[projects]]
  branch = "master"
  name = "github.com/ViBiOh/httputils"
  packages = [
    "pkg",
    "pkg/alcotest",
    "pkg/cert",
    "pkg/cors",
    "pkg/db",
    "pkg/healthcheck",
    "pkg/httperror",
    "pkg/httpjson",
    "pkg/owasp",
    "pkg/request",
    "pkg/server",
    "pkg/tools"
  ]
  revision = "c31f6daa198242a777750942bd41d092cd438101"

[[projects]]
  branch = "master"
  name = "github.com/lib/pq"
  packages = [
    ".",
    "oid"
  ]
  revision = "d34b9ff171c21ad295489235aec8b6626023cd04"

[solve-meta]
  analyzer-name = "dep"
  analyzer-version = 1
  inputs-digest = "4af41a916619f7b0d72ddc80299c520d509a5876acfebe9c85ad174d97445282"
  solver-name = "gps-cdcl"
  solver-version = 1
